[[package]]
name = "autopep8"
version = "2.0.1"
requires_python = ">=3.6"
summary = "A tool that automatically formats Python code to conform to the PEP 8 style guide"
dependencies = [
    "pycodestyle>=2.10.0",
    "tomli; python_version < \"3.11\"",
]

[[package]]
name = "certifi"
version = "2022.12.7"
requires_python = ">=3.6"
summary = "Python package for providing Mozilla's CA Bundle."

[[package]]
name = "charset-normalizer"
version = "2.1.1"
requires_python = ">=3.6.0"
summary = "The Real First Universal Charset Detector. Open, modern and actively maintained alternative to Chardet."

[[package]]
name = "docutils"
version = "0.19"
requires_python = ">=3.7"
summary = "Docutils -- Python Documentation Utilities"

[[package]]
name = "idna"
version = "3.4"
requires_python = ">=3.5"
summary = "Internationalized Domain Names in Applications (IDNA)"

[[package]]
name = "kivy"
version = "2.1.0"
requires_python = ">=3.7"
summary = "A software library for rapid development of hardware-accelerated multitouch applications."
dependencies = [
    "Kivy-Garden>=0.1.4",
    "docutils",
    "kivy-deps.angle~=0.3.2; sys_platform == \"win32\"",
    "kivy-deps.glew~=0.3.1; sys_platform == \"win32\"",
    "kivy-deps.sdl2~=0.4.5; sys_platform == \"win32\"",
    "pygments",
    "pypiwin32; sys_platform == \"win32\"",
]

[[package]]
name = "kivy-deps.angle"
version = "0.3.3"
summary = "Repackaged binary dependency of Kivy."

[[package]]
name = "kivy-deps.glew"
version = "0.3.1"
summary = "Repackaged binary dependency of Kivy."

[[package]]
name = "kivy-deps.sdl2"
version = "0.4.5"
summary = "Repackaged binary dependency of Kivy."

[[package]]
name = "kivy-garden"
version = "0.1.5"
summary = "UNKNOWN"
dependencies = [
    "requests",
]

[[package]]
name = "kivymd"
version = "1.1.1"
requires_python = ">=3.7"
summary = "Set of widgets for Kivy inspired by Google's Material Design"
dependencies = [
    "kivy>=2.0.0",
    "pillow",
]

[[package]]
name = "pillow"
version = "9.3.0"
requires_python = ">=3.7"
summary = "Python Imaging Library (Fork)"

[[package]]
name = "pycodestyle"
version = "2.10.0"
requires_python = ">=3.6"
summary = "Python style guide checker"

[[package]]
name = "pygments"
version = "2.13.0"
requires_python = ">=3.6"
summary = "Pygments is a syntax highlighting package written in Python."

[[package]]
name = "pypiwin32"
version = "223"
summary = "UNKNOWN"
dependencies = [
    "pywin32>=223",
]

[[package]]
name = "pywin32"
version = "305"
summary = "Python for Window Extensions"

[[package]]
name = "requests"
version = "2.28.1"
requires_python = ">=3.7, <4"
summary = "Python HTTP for Humans."
dependencies = [
    "certifi>=2017.4.17",
    "charset-normalizer<3,>=2",
    "idna<4,>=2.5",
    "urllib3<1.27,>=1.21.1",
]

[[package]]
name = "tomli"
version = "2.0.1"
requires_python = ">=3.7"
summary = "A lil' TOML parser"

[[package]]
name = "urllib3"
version = "1.26.13"
requires_python = ">=2.7, !=3.0.*, !=3.1.*, !=3.2.*, !=3.3.*, !=3.4.*, !=3.5.*"
summary = "HTTP library with thread-safe connection pooling, file post, and more."

[metadata]
lock_version = "4.1"
content_hash = "sha256:b3936e49e1dfee34aabf5691b632003a1e9140798b7df10bae3b4ec2912836d3"

[metadata.files]
"autopep8 2.0.1" = [
    {url = "https://files.pythonhosted.org/packages/82/f8/9cc97232fb1612327525903296f5e4d8ba1c4acc3469c18afdeba839ce62/autopep8-2.0.1-py2.py3-none-any.whl", hash = "sha256:be5bc98c33515b67475420b7b1feafc8d32c1a69862498eda4983b45bffd2687"},
    {url = "https://files.pythonhosted.org/packages/b5/13/d3b4adad46dd3ce96e293345e1efe660d405f3ee3f4289304dca8a4e5544/autopep8-2.0.1.tar.gz", hash = "sha256:d27a8929d8dcd21c0f4b3859d2d07c6c25273727b98afc984c039df0f0d86566"},
]
"certifi 2022.12.7" = [
    {url = "https://files.pythonhosted.org/packages/37/f7/2b1b0ec44fdc30a3d31dfebe52226be9ddc40cd6c0f34ffc8923ba423b69/certifi-2022.12.7.tar.gz", hash = "sha256:35824b4c3a97115964b408844d64aa14db1cc518f6562e8d7261699d1350a9e3"},
    {url = "https://files.pythonhosted.org/packages/71/4c/3db2b8021bd6f2f0ceb0e088d6b2d49147671f25832fb17970e9b583d742/certifi-2022.12.7-py3-none-any.whl", hash = "sha256:4ad3232f5e926d6718ec31cfc1fcadfde020920e278684144551c91769c7bc18"},
]
"charset-normalizer 2.1.1" = [
    {url = "https://files.pythonhosted.org/packages/a1/34/44964211e5410b051e4b8d2869c470ae8a68ae274953b1c7de6d98bbcf94/charset-normalizer-2.1.1.tar.gz", hash = "sha256:5a3d016c7c547f69d6f81fb0db9449ce888b418b5b9952cc5e6e66843e9dd845"},
    {url = "https://files.pythonhosted.org/packages/db/51/a507c856293ab05cdc1db77ff4bc1268ddd39f29e7dc4919aa497f0adbec/charset_normalizer-2.1.1-py3-none-any.whl", hash = "sha256:83e9a75d1911279afd89352c68b45348559d1fc0506b054b346651b5e7fee29f"},
]
"docutils 0.19" = [
    {url = "https://files.pythonhosted.org/packages/6b/5c/330ea8d383eb2ce973df34d1239b3b21e91cd8c865d21ff82902d952f91f/docutils-0.19.tar.gz", hash = "sha256:33995a6753c30b7f577febfc2c50411fec6aac7f7ffeb7c4cfe5991072dcf9e6"},
    {url = "https://files.pythonhosted.org/packages/93/69/e391bd51bc08ed9141ecd899a0ddb61ab6465309f1eb470905c0c8868081/docutils-0.19-py3-none-any.whl", hash = "sha256:5e1de4d849fee02c63b040a4a3fd567f4ab104defd8a5511fbbc24a8a017efbc"},
]
"idna 3.4" = [
    {url = "https://files.pythonhosted.org/packages/8b/e1/43beb3d38dba6cb420cefa297822eac205a277ab43e5ba5d5c46faf96438/idna-3.4.tar.gz", hash = "sha256:814f528e8dead7d329833b91c5faa87d60bf71824cd12a7530b5526063d02cb4"},
    {url = "https://files.pythonhosted.org/packages/fc/34/3030de6f1370931b9dbb4dad48f6ab1015ab1d32447850b9fc94e60097be/idna-3.4-py3-none-any.whl", hash = "sha256:90b77e79eaa3eba6de819a0c442c0b4ceefc341a7a2ab77d7562bf49f425c5c2"},
]
"kivy 2.1.0" = [
    {url = "https://files.pythonhosted.org/packages/0e/1c/05794a78b89ce9b5c31feebbe6b05dc3c74f1584ff79d6e443adb6ac88c5/Kivy-2.1.0-cp310-cp310-manylinux_2_17_x86_64.manylinux2014_x86_64.whl", hash = "sha256:eec5c58b82a23c15b70f687f161450a310b0c99075e1e425a00b2e096cec5261"},
    {url = "https://files.pythonhosted.org/packages/4b/82/d3eab5ef2bd33e6c79fe39d4512f356dec48c29825bfd0bcd1a37fb60bc4/Kivy-2.1.0-cp38-cp38-win32.whl", hash = "sha256:591e06bc8cb4c71c0eed756fc21491513fd71edfc79b8d5f7b229c5e6930a767"},
    {url = "https://files.pythonhosted.org/packages/5b/7a/fd99c1f9dd60a632bef2287e0a3d2a9b78b9fc256d018a0bc5f1c72cd819/Kivy-2.1.0-cp310-cp310-macosx_10_9_universal2.whl", hash = "sha256:5936bec77659b7774100094462ee124684235572ddc5177e47f99ec9a9ecba84"},
    {url = "https://files.pythonhosted.org/packages/5b/aa/1ab1b2debcb261fa63164bfe848f63d5538a52e03ae87e639bd8dec6780c/Kivy-2.1.0-cp39-cp39-win32.whl", hash = "sha256:6b0836ff99bce926a1d8ce8335c3ccf80459419fff7e0b0d56b386990a847d6a"},
    {url = "https://files.pythonhosted.org/packages/5c/b6/823e62a31ecec98687c16e648bf4b17c659873c38c7bc6f5f7cfa8b01b24/Kivy-2.1.0-cp37-cp37m-manylinux_2_17_aarch64.manylinux2014_aarch64.whl", hash = "sha256:c24ca9669e941cb0551a67e23583dbbecff02f4829b3016df85a1a4378a1f854"},
    {url = "https://files.pythonhosted.org/packages/77/48/18ad53941bd8e753ab7896a38803e0953e4b1fb1722bd334868ee2c2a21d/Kivy-2.1.0-cp38-cp38-win_amd64.whl", hash = "sha256:ee3427c3bfdbfad07e663cf77db7461eed986e1e8e6995ebb532dc4eb5e13fc2"},
    {url = "https://files.pythonhosted.org/packages/7c/11/f5f5f0ef297d5234b31a45061e557b1df5e8a845613d87ac38193ec72e73/Kivy-2.1.0-cp310-cp310-manylinux_2_17_aarch64.manylinux2014_aarch64.whl", hash = "sha256:222c1cae30a5f85b1ccf6bdab391a2a255a2acb3b891ce04037156109c7856f2"},
    {url = "https://files.pythonhosted.org/packages/7f/33/fe160fff6b3a765ded9df3b9260fc95f2cc477466cc87d8e0f6b5e326a94/Kivy-2.1.0.tar.gz", hash = "sha256:3a16f3ba3b70d5e7943d7ee5c4cbbd52bc4675f38da4bf2b3005c1639d6c04b3"},
    {url = "https://files.pythonhosted.org/packages/82/d6/06c39e541c3362a73ec9cf25743e76ec482966ef596e550909e69bd673dd/Kivy-2.1.0-cp38-cp38-macosx_10_9_universal2.whl", hash = "sha256:1c112bcfaf5caea8648563c7706e038cc51afc8f4b2e7c30088441505c9bd6e5"},
    {url = "https://files.pythonhosted.org/packages/93/8a/fb4c6ee10f8e90985aa8df9db5c969d7f5b84ea348de186785cf8813e2ea/Kivy-2.1.0-cp37-cp37m-macosx_10_9_x86_64.whl", hash = "sha256:2f7d5c3b71a73a41b73a79f3dd059c2177d0711ddff63292595d8e6204bd8d8a"},
    {url = "https://files.pythonhosted.org/packages/98/a5/8b8bd5059676a579881f550275eb721d6b5801dd407de378817f4b46bb1a/Kivy-2.1.0-cp310-cp310-win32.whl", hash = "sha256:8bc76c8d91d1b57f7d2bc859e66dc0736d42c192600b0077ad6a7d18c2ed922d"},
    {url = "https://files.pythonhosted.org/packages/a0/68/edd577f1545e815caade39bea06182669f9fe6580e4abae4809321143d50/Kivy-2.1.0-cp37-cp37m-win32.whl", hash = "sha256:3f3067ec3cbd8616ce5dbc06a561df4862f8f37b20167885137102eb5254d890"},
    {url = "https://files.pythonhosted.org/packages/a1/7e/1cc92886592cfd21d430772ef57ab3904093095804fced746bd996c93df0/Kivy-2.1.0-cp39-cp39-manylinux_2_17_aarch64.manylinux2014_aarch64.whl", hash = "sha256:8eca96611980bb5ee4288469653f2d052082e2363df0b5d68c431f21bbc3d069"},
    {url = "https://files.pythonhosted.org/packages/ad/b5/d024b2ff8da6c1b1c8c137559e9f5ee6cf1a75e4e7fb5a93d8276ae1bce1/Kivy-2.1.0-cp310-cp310-win_amd64.whl", hash = "sha256:38776f17aad1dc93133b997a7492999a1169ab09db56735ee5bfe300e01b01af"},
    {url = "https://files.pythonhosted.org/packages/b8/82/5ab5a7ceed0e1acdce7594a445bb8e3db281f4fe482002b45f12fffd22eb/Kivy-2.1.0-cp39-cp39-win_amd64.whl", hash = "sha256:260f88aff72ba2269e6733598e9081533072769ed0bec2d020a8bd010d1b6751"},
    {url = "https://files.pythonhosted.org/packages/ba/08/94fbdd6775b820aac49b229c7098c55158ce02f6398e3826c2cd5e652dbf/Kivy-2.1.0-cp38-cp38-manylinux_2_17_x86_64.manylinux2014_x86_64.whl", hash = "sha256:ef3e59315e10a01a9955e45c5a422f558c7a2495ae2a66c78d68caa6863b1572"},
    {url = "https://files.pythonhosted.org/packages/be/52/c2d616f1aebb6e51d7054158e4cda952361788f6743c818f61f1f1bad94b/Kivy-2.1.0-cp39-cp39-manylinux_2_17_x86_64.manylinux2014_x86_64.whl", hash = "sha256:2c834e90668b23ed7e4c725aead01b16ed347bc0747b3476d2e9eff5c36ce0a6"},
    {url = "https://files.pythonhosted.org/packages/c2/51/62119a48223e659890450304a1725caae6ca8fc0dbb440cb04d7f9e5a6af/Kivy-2.1.0-cp37-cp37m-win_amd64.whl", hash = "sha256:f81618278f18e5a2ba4f7d5d09c231a1d58a89df50f82c5d71f6baf057f4dac3"},
    {url = "https://files.pythonhosted.org/packages/da/b4/aa27170f59f6b3549bf46a8cacb51e4ad7fcdedc3744e275ef9ceb657fde/Kivy-2.1.0-cp37-cp37m-manylinux_2_17_x86_64.manylinux2014_x86_64.whl", hash = "sha256:fccae9301048e0d1e31443eeb08ab9cd66e91afe59d0474c067f1d838bce04b5"},
    {url = "https://files.pythonhosted.org/packages/e2/8b/57230ca744f485d2aee6514628651b8f6ab03c4a9318034d0a2116ee77b6/Kivy-2.1.0-cp38-cp38-manylinux_2_17_aarch64.manylinux2014_aarch64.whl", hash = "sha256:a680aae60ecde4dd8657579c1137f581f07ead61699a53311b933aa7361eda40"},
    {url = "https://files.pythonhosted.org/packages/ed/2b/88d8ee7f14931d0d9368725c0c9eddcb89c46cd1ed70163a9c266fef086f/Kivy-2.1.0-cp39-cp39-macosx_10_9_universal2.whl", hash = "sha256:d533947bf5126e6c808a994032af4116264fb302b48cfd88312d1750ef5bf236"},
]
"kivy-deps.angle 0.3.3" = [
    {url = "https://files.pythonhosted.org/packages/05/6d/afbe09496bb437d3c111560dc8c968e734a2781026689b12a3107ada0deb/kivy_deps.angle-0.3.3-cp311-cp311-win_amd64.whl", hash = "sha256:c380fb602782e525deba1200cdc0fd3c03b6b3855edb283d76f68485a185061a"},
    {url = "https://files.pythonhosted.org/packages/29/58/7dd6304a597f9516f364b715e0bc2886c48caa87ab1ffead82e3c0084e7c/kivy_deps.angle-0.3.3-cp37-cp37m-win_amd64.whl", hash = "sha256:6336455e59f5b8dd4dd57caca2adf397a48726af8afc48384f4539dccb7b889c"},
    {url = "https://files.pythonhosted.org/packages/5b/da/d970fd3abfbe386776e2b1b2a3bafb6ea6bd89902aef448f2a5709a60913/kivy_deps.angle-0.3.3-cp38-cp38-win_amd64.whl", hash = "sha256:f044d7e6a9f839222e44f9ae0441ae25ff42e35a5c1b7d1ea9a4d0845dd57172"},
    {url = "https://files.pythonhosted.org/packages/5e/d9/3ec8b1d3ddb6a9f60eb0de2df532188f8af0af2bd7bcb5e721c3ffde65b8/kivy_deps.angle-0.3.3-cp39-cp39-win32.whl", hash = "sha256:00a4922a50a55f532722a4419eb394a7a8837d0f78620e2b47f33c6db45a4dc0"},
    {url = "https://files.pythonhosted.org/packages/7d/5e/14f1f6378958592aba3597c827fe7a231570ec04e69bce3906910d78214f/kivy_deps.angle-0.3.3-cp310-cp310-win32.whl", hash = "sha256:8e571b2c662480a265420d6ded386df208d83272896daf616256672c5648e538"},
    {url = "https://files.pythonhosted.org/packages/9f/fc/1c2d194e99b6040fda48dc92aa0fdb76466ee25e282a0f9e20c8f1eea0f4/kivy_deps.angle-0.3.3-cp37-cp37m-win32.whl", hash = "sha256:0fa32cc718b51b21745b6b7a055e6e171517f567b5900250c49539bae3d69806"},
    {url = "https://files.pythonhosted.org/packages/b7/19/c98a08f347846027738f870d7fdc917966142430baba45064f29f3639bc8/kivy_deps.angle-0.3.3-cp38-cp38-win32.whl", hash = "sha256:e3fd1168dd4090cc2ccf650abe209483c0794c5a454360c41b01633888afbba1"},
    {url = "https://files.pythonhosted.org/packages/cb/0c/a95f1a3c64f3b071830a3ed47f6cb0cddb6ed7de5376f155705d25d78ea4/kivy_deps.angle-0.3.3-cp310-cp310-win_amd64.whl", hash = "sha256:e48457f6830fb53aaaa6bf3bd63d50120c1bc1c94f207d988cc8071c122456e9"},
    {url = "https://files.pythonhosted.org/packages/e5/57/b3aa3d81e1e1dd8d52d94df52c295ce0d72aa222ece0805579899a245b7b/kivy_deps.angle-0.3.3-cp39-cp39-win_amd64.whl", hash = "sha256:de6dbe3273e95a85f6f96c9f52cc0d29a1f92aa05fd10de886ba8c483021b532"},
    {url = "https://files.pythonhosted.org/packages/fb/ca/7e8cf30fbc8db20413d91140efa37ddf5095f380a6983b77eac5d0ecf4c0/kivy_deps.angle-0.3.3-cp311-cp311-win32.whl", hash = "sha256:fdc3de5ead670a8ee0bb411b603cabeaecf7fe277cf99cd70c9585cd964f19a2"},
]
"kivy-deps.glew 0.3.1" = [
    {url = "https://files.pythonhosted.org/packages/4d/a9/2b0146033a9b96c20fd0f125aa21b25af593c79dfc700a27a3f827dc6a85/kivy_deps.glew-0.3.1-cp37-cp37m-win_amd64.whl", hash = "sha256:d64a8625799fab7a7efeb3661ef8779a7f9c6d80da53eed87a956320f55530fa"},
    {url = "https://files.pythonhosted.org/packages/5d/4e/4300963410a49c4ab6eaadefce3e09c5e17421bc042b072862a27413b08c/kivy_deps.glew-0.3.1-cp311-cp311-win32.whl", hash = "sha256:ee2f80ef7ac70f4b61c50da8101b024308a8c59a57f7f25a6e09762b6c48f942"},
    {url = "https://files.pythonhosted.org/packages/77/8c/90f1aaeda5cc6b7deffa82f155992da4d72cb2512e132e981a13af4789ff/kivy_deps.glew-0.3.1-cp37-cp37m-win32.whl", hash = "sha256:5bf6a63fe9cc4fe7bbf280ec267ec8c47914020a1175fb22152525ff1837b436"},
    {url = "https://files.pythonhosted.org/packages/85/8c/7ee60cee4a635f4e953fc96c92f50ca133f8a8cf37a419d2e8733ea83893/kivy_deps.glew-0.3.1-cp39-cp39-win32.whl", hash = "sha256:4e377ed97670dfda619a1b63a82345a8589be90e7c616a458fba2810708810b1"},
    {url = "https://files.pythonhosted.org/packages/8c/64/7fb0092751f33b370ca3b6249f96f0a9384a3e7de08ce03f392ddd19a179/kivy_deps.glew-0.3.1-cp39-cp39-win_amd64.whl", hash = "sha256:081a09b92f7e7817f489f8b6b31c9c9623661378de1dce1d6b097af5e7d42b45"},
    {url = "https://files.pythonhosted.org/packages/b2/40/7f38e53f5bdcc422970efec1ed6c84d9372889ec6b30d882052e9abf25f9/kivy_deps.glew-0.3.1-cp310-cp310-win32.whl", hash = "sha256:8f4b3ed15acb62474909b6d41661ffb4da9eb502bb5684301fb2da668f288a58"},
    {url = "https://files.pythonhosted.org/packages/b3/ff/6b140594883342d9ef1576dae27fa1b086d494f50f33c105f740df8c8005/kivy_deps.glew-0.3.1-cp310-cp310-win_amd64.whl", hash = "sha256:aef2d2a93f129d8425c75234e7f6cc0a34b59a4aee67f6d2cd7a5fdfa9915b53"},
    {url = "https://files.pythonhosted.org/packages/b7/e5/a15ff232a323cb3beae24dc30e33db3ac25c945ab5a39fd4b63e4e6392ea/kivy_deps.glew-0.3.1-cp38-cp38-win_amd64.whl", hash = "sha256:3f8b89dcf1846032d7a9c5ef88b0ee9cbd13366e9b4c85ada61e01549a910677"},
    {url = "https://files.pythonhosted.org/packages/d3/86/e7281d54de91081edd74cfead10efce402a8d9af13a7a48a88967c23e6eb/kivy_deps.glew-0.3.1-cp38-cp38-win32.whl", hash = "sha256:00f4ae0a4682d951266458ddb639451edb24baa54a35215dce889209daf19a06"},
    {url = "https://files.pythonhosted.org/packages/d6/37/884034260818569547347cc2ba89780ff3f83a9ce6b9a894360c1d86e82c/kivy_deps.glew-0.3.1-cp311-cp311-win_amd64.whl", hash = "sha256:22e155ec59ce717387f5d8804811206d200a023ba3d0bc9bbf1393ee28d0053e"},
]
"kivy-deps.sdl2 0.4.5" = [
    {url = "https://files.pythonhosted.org/packages/20/e2/199b4e49c308ba03de23f3fad0c9ed232fad701749026e90e98f8bfb4563/kivy_deps.sdl2-0.4.5-cp39-cp39-win32.whl", hash = "sha256:0126c141dad69147315c43144c1e5356982860bed49ced1ad186616ae33b761a"},
    {url = "https://files.pythonhosted.org/packages/23/25/73ba09e72c70d1883538fae32f1cf1c3b01883854544fb1a12f07a1c0ae2/kivy_deps.sdl2-0.4.5-cp37-cp37m-win32.whl", hash = "sha256:660c23993aa0df2de18dcc4e0fce2e1344e800469a702f49459f18762ebe5aa0"},
    {url = "https://files.pythonhosted.org/packages/53/06/24668e003a764fc5eb16e3d07a0bf6135fd54bdb41d324832a5d4d2fe6ed/kivy_deps.sdl2-0.4.5-cp38-cp38-win_amd64.whl", hash = "sha256:c3fa7218478dff2f6deb357c6c8e50856c7153b9ba8cb6f4f7a0e70b50f1b3a1"},
    {url = "https://files.pythonhosted.org/packages/86/77/723276c0af781258297d0746f17576175bdaf6d9eae48b2883b031080b16/kivy_deps.sdl2-0.4.5-cp39-cp39-win_amd64.whl", hash = "sha256:8a54e000813471ae141ed4304eb34ee90b27c06f95565507e11e138f693c3885"},
    {url = "https://files.pythonhosted.org/packages/c2/56/80c0046c7bf0573afc5a62bff8026731ce9c20dcc0ae0818e654b6516b75/kivy_deps.sdl2-0.4.5-cp310-cp310-win_amd64.whl", hash = "sha256:97be14de619deb853867b66355a1eea9f26d572c94888e934ca9fd8fcf3593b2"},
    {url = "https://files.pythonhosted.org/packages/c6/b0/70fbb51042f14b4455000b180d3b10e4035923a804636f0ffc87e0797c6e/kivy_deps.sdl2-0.4.5-cp310-cp310-win32.whl", hash = "sha256:1884e0ce5d1f47ccf63b55021e2b2c04eae433111f2c246a82f4c06697624def"},
    {url = "https://files.pythonhosted.org/packages/d4/eb/b27a76f406a45087df5e15e1d5612676b1bf0ae7105babd8f1e3c3550410/kivy_deps.sdl2-0.4.5-cp38-cp38-win32.whl", hash = "sha256:9a375da3c9cda088e318d920555be72aa0af753a24476d08f42894ef7a6ac73d"},
    {url = "https://files.pythonhosted.org/packages/ee/82/c187804b2184b058d3d0ba75eda4057481e3cefac4d8275a90275d65a86c/kivy_deps.sdl2-0.4.5-cp37-cp37m-win_amd64.whl", hash = "sha256:6c79f225ac3954ba552c23f4313e5304663703d225f648b032861ad506bd79e2"},
]
"kivy-garden 0.1.5" = [
    {url = "https://files.pythonhosted.org/packages/6a/55/cd1555bde62f809219cbc5d8a0836b0293399da2f4ba4e8ee84b6a7cc393/Kivy_Garden-0.1.5-py3-none-any.whl", hash = "sha256:ef50f44b96358cf10ac5665f27a4751bb34ef54051c54b93af891f80afe42929"},
]
"kivymd 1.1.1" = [
    {url = "https://files.pythonhosted.org/packages/35/55/d979644cdc9070a9611ab023db986aa0d540fc8f5fdd2c0f49eaef558751/kivymd-1.1.1.tar.gz", hash = "sha256:931a0435c2a079c6dca755c50d0023b5e1c907f7b4ac8bb9e2834daa3cefe906"},
]
"pillow 9.3.0" = [
    {url = "https://files.pythonhosted.org/packages/00/73/000575ca7b7635ecd4075e71925b71f2648300d725b6c9a1f969fe2d5a87/Pillow-9.3.0-cp37-cp37m-macosx_10_10_x86_64.whl", hash = "sha256:772a91fc0e03eaf922c63badeca75e91baa80fe2f5f87bdaed4280662aad25c9"},
    {url = "https://files.pythonhosted.org/packages/06/2f/c17a2d559009b875f7da804a3a4e0f47baca6df2dfedb29a1df641c51e1a/Pillow-9.3.0-pp38-pypy38_pp73-manylinux_2_17_i686.manylinux2014_i686.whl", hash = "sha256:12ce4932caf2ddf3e41d17fc9c02d67126935a44b86df6a206cf0d7161548627"},
    {url = "https://files.pythonhosted.org/packages/0d/87/f696d8464c949c5a7ac133c8b7297a4243e0319fd29ae3a90b4ac90f0a5b/Pillow-9.3.0-cp311-cp311-macosx_11_0_arm64.whl", hash = "sha256:7db8b751ad307d7cf238f02101e8e36a128a6cb199326e867d1398067381bff4"},
    {url = "https://files.pythonhosted.org/packages/15/13/232be66adb8482f0636b3f3e254d9e18d7093bd1848b3610ffaf72717924/Pillow-9.3.0-cp310-cp310-manylinux_2_28_aarch64.whl", hash = "sha256:829f97c8e258593b9daa80638aee3789b7df9da5cf1336035016d76f03b8860c"},
    {url = "https://files.pythonhosted.org/packages/16/11/da8d395299ca166aa56d9436e26fe8440e5443471de16ccd9a1d06f5993a/Pillow-9.3.0.tar.gz", hash = "sha256:c935a22a557a560108d780f9a0fc426dd7459940dc54faa49d83249c8d3e760f"},
    {url = "https://files.pythonhosted.org/packages/1d/15/054644ecbed79d3af017a56eaabd13bf712b21c3a667b8a67a335174f4b7/Pillow-9.3.0-cp311-cp311-musllinux_1_1_x86_64.whl", hash = "sha256:89dca0ce00a2b49024df6325925555d406b14aa3efc2f752dbb5940c52c56b11"},
    {url = "https://files.pythonhosted.org/packages/23/b3/20f97e1bacd02b89953b50b2502be1b10e01d36a0618fb197e4a055e50f4/Pillow-9.3.0-cp310-cp310-manylinux_2_17_aarch64.manylinux2014_aarch64.whl", hash = "sha256:68943d632f1f9e3dce98908e873b3a090f6cba1cbb1b892a9e8d97c938871fbe"},
    {url = "https://files.pythonhosted.org/packages/26/d6/9355d59a2ee9406e4d5129ff0ff99835e7f6adb6133815fab2099e1879b5/Pillow-9.3.0-cp310-cp310-macosx_10_10_x86_64.whl", hash = "sha256:0b7257127d646ff8676ec8a15520013a698d1fdc48bc2a79ba4e53df792526f2"},
    {url = "https://files.pythonhosted.org/packages/2c/3d/36cd1f6c04ab30ab7e6bc8d17a4337fc29fa5b35ebd4c520d916ce7e39e6/Pillow-9.3.0-cp38-cp38-macosx_10_10_x86_64.whl", hash = "sha256:b03ae6f1a1878233ac620c98f3459f79fd77c7e3c2b20d460284e1fb370557d4"},
    {url = "https://files.pythonhosted.org/packages/2c/74/109e3d1fd2847c19c556fe4ce9b3f4aac2147b56c7b5d0924ae9586d2a47/Pillow-9.3.0-cp311-cp311-manylinux_2_17_x86_64.manylinux2014_x86_64.whl", hash = "sha256:b9a65733d103311331875c1dca05cb4606997fd33d6acfed695b1232ba1df193"},
    {url = "https://files.pythonhosted.org/packages/2e/c8/03495501bb9beabf34979781b14cc625f39cbd8ff5310a93a85e45987590/Pillow-9.3.0-cp38-cp38-macosx_11_0_arm64.whl", hash = "sha256:4390e9ce199fc1951fcfa65795f239a8a4944117b5935a9317fb320e7767b40f"},
    {url = "https://files.pythonhosted.org/packages/2f/73/ec6b3e3f6b311cf1468eafc92a890f690a2cacac0cfd0f1bcc2b891d1334/Pillow-9.3.0-cp39-cp39-manylinux_2_17_x86_64.manylinux2014_x86_64.whl", hash = "sha256:af0372acb5d3598f36ec0914deed2a63f6bcdb7b606da04dc19a88d31bf0c05b"},
    {url = "https://files.pythonhosted.org/packages/39/5e/585dfbe0eb4660ea3ee082289625f94e402239282458c4bf78ecc84fbb93/Pillow-9.3.0-cp38-cp38-manylinux_2_17_aarch64.manylinux2014_aarch64.whl", hash = "sha256:40e1ce476a7804b0fb74bcfa80b0a2206ea6a882938eaba917f7a0f004b42502"},
    {url = "https://files.pythonhosted.org/packages/40/57/c8695a77561a83bd39eba30daf4d894b0b910aad55e2b60f0ef1b1b5205c/Pillow-9.3.0-cp310-cp310-win_amd64.whl", hash = "sha256:9f47eabcd2ded7698106b05c2c338672d16a6f2a485e74481f524e2a23c2794b"},
    {url = "https://files.pythonhosted.org/packages/41/e9/7bae68c360de8d1e7e32aeab252c6dc9336c0d779c9ad5e24ce475d523fd/Pillow-9.3.0-pp37-pypy37_pp73-macosx_10_10_x86_64.whl", hash = "sha256:ab388aaa3f6ce52ac1cb8e122c4bd46657c15905904b3120a6248b5b8b0bc228"},
    {url = "https://files.pythonhosted.org/packages/47/b2/6e5fc952713bfee71c5e25e7917b18207b6f445d81746008b14d9c80a91b/Pillow-9.3.0-cp38-cp38-manylinux_2_28_aarch64.whl", hash = "sha256:15c42fb9dea42465dfd902fb0ecf584b8848ceb28b41ee2b58f866411be33f07"},
    {url = "https://files.pythonhosted.org/packages/48/92/820b43fcb333fe7f4cf726ed3c0cfcfd062f65b8fd23c0e6972a6107f440/Pillow-9.3.0-pp38-pypy38_pp73-macosx_10_10_x86_64.whl", hash = "sha256:b59430236b8e58840a0dfb4099a0e8717ffb779c952426a69ae435ca1f57210c"},
    {url = "https://files.pythonhosted.org/packages/4b/f9/2fa7d6cce0b9867ec3917878d03d5298d7a88522ed7dadc6cac4642bce8b/Pillow-9.3.0-pp37-pypy37_pp73-manylinux_2_17_x86_64.manylinux2014_x86_64.whl", hash = "sha256:bca31dd6014cb8b0b2db1e46081b0ca7d936f856da3b39744aef499db5d84d02"},
    {url = "https://files.pythonhosted.org/packages/4e/8c/84131e85d4ebd600a823fad1707157d55055a7ea80ce6c8c2f6e2de93f2c/Pillow-9.3.0-cp38-cp38-manylinux_2_17_i686.manylinux2014_i686.whl", hash = "sha256:a0a06a052c5f37b4ed81c613a455a81f9a3a69429b4fd7bb913c3fa98abefc20"},
    {url = "https://files.pythonhosted.org/packages/56/02/2c8fde18b251c6ce2061b23b4fa04f3e71d386c725a09753bad19649e1b1/Pillow-9.3.0-cp38-cp38-manylinux_2_28_x86_64.whl", hash = "sha256:51e0e543a33ed92db9f5ef69a0356e0b1a7a6b6a71b80df99f1d181ae5875636"},
    {url = "https://files.pythonhosted.org/packages/5b/48/1e4437f90c0531c0a8f5c5b1e793e0f234fe8203019de04001213b4fb38e/Pillow-9.3.0-cp311-cp311-manylinux_2_28_x86_64.whl", hash = "sha256:90fb88843d3902fe7c9586d439d1e8c05258f41da473952aa8b328d8b907498c"},
    {url = "https://files.pythonhosted.org/packages/5f/1e/8a26e1ff2064b665f3923a727cb9240919cdcdce303e4800729635aefc40/Pillow-9.3.0-cp39-cp39-manylinux_2_17_i686.manylinux2014_i686.whl", hash = "sha256:b0915e734b33a474d76c28e07292f196cdf2a590a0d25bcc06e64e545f2d146c"},
    {url = "https://files.pythonhosted.org/packages/5f/71/ad106c6e3a28f7ff81b2e172a05c158181b61de2a6292896355f0e50f46c/Pillow-9.3.0-pp37-pypy37_pp73-manylinux_2_28_x86_64.whl", hash = "sha256:c7025dce65566eb6e89f56c9509d4f628fddcedb131d9465cacd3d8bac337e7e"},
    {url = "https://files.pythonhosted.org/packages/6c/a8/3cb2d902c4094b6ad06f069b937c2696fd47c5fc02da107e33470f468534/Pillow-9.3.0-cp38-cp38-musllinux_1_1_x86_64.whl", hash = "sha256:3dd6caf940756101205dffc5367babf288a30043d35f80936f9bfb37f8355b32"},
    {url = "https://files.pythonhosted.org/packages/6d/d2/610687610050eb3ce0ebdd0a3f87d4bb3f1637a89f9fe00060a080a167da/Pillow-9.3.0-1-cp37-cp37m-win32.whl", hash = "sha256:e6ea6b856a74d560d9326c0f5895ef8050126acfdc7ca08ad703eb0081e82b74"},
    {url = "https://files.pythonhosted.org/packages/6f/64/3acfbffd532ec2e82f69d4f22de9c29197540ae61926f5b7072654281e91/Pillow-9.3.0-cp37-cp37m-manylinux_2_17_aarch64.manylinux2014_aarch64.whl", hash = "sha256:afa4107d1b306cdf8953edde0534562607fe8811b6c4d9a486298ad31de733b2"},
    {url = "https://files.pythonhosted.org/packages/77/56/bb8dc927b3c44df0ca938b4a17b08c59ef5e1e7cc06300bddf20d4e2935f/Pillow-9.3.0-cp38-cp38-win_amd64.whl", hash = "sha256:276a5ca930c913f714e372b2591a22c4bd3b81a418c0f6635ba832daec1cbcfc"},
    {url = "https://files.pythonhosted.org/packages/78/8c/ae0c7cfb6cae4eb0946b7369258f78e3104c22eeffda45ad6228bc0838f5/Pillow-9.3.0-cp311-cp311-manylinux_2_17_aarch64.manylinux2014_aarch64.whl", hash = "sha256:3033fbe1feb1b59394615a1cafaee85e49d01b51d54de0cbf6aa8e64182518a1"},
    {url = "https://files.pythonhosted.org/packages/88/9f/012551c5a9d8b4d0304b66d16119b9c79bac052e0b0bd37de29b64c1bf0c/Pillow-9.3.0-pp38-pypy38_pp73-win_amd64.whl", hash = "sha256:073adb2ae23431d3b9bcbcff3fe698b62ed47211d0716b067385538a1b0f28b8"},
    {url = "https://files.pythonhosted.org/packages/8a/e8/124718316b3f4f9fa24e4b7e915d8e02d58d43a5e3c44fcbceef17d60647/Pillow-9.3.0-cp310-cp310-macosx_11_0_arm64.whl", hash = "sha256:b90f7616ea170e92820775ed47e136208e04c967271c9ef615b6fbd08d9af0e3"},
    {url = "https://files.pythonhosted.org/packages/a0/6c/6e11abff7f944b51dbeea1bdfe14ad21976858e822ef667fa4eb82ec6f7c/Pillow-9.3.0-cp37-cp37m-win_amd64.whl", hash = "sha256:41e0051336807468be450d52b8edd12ac60bebaa97fe10c8b660f116e50b30e4"},
    {url = "https://files.pythonhosted.org/packages/a1/81/10f4f9665ce366c7501141c973c755cd5c9ebe577886ebfa7ca3e9a115f0/Pillow-9.3.0-cp38-cp38-win32.whl", hash = "sha256:f1ff2ee69f10f13a9596480335f406dd1f70c3650349e2be67ca3139280cade0"},
    {url = "https://files.pythonhosted.org/packages/a7/9e/8acd4d170596fa876b0baaae3542de3b6d0a709b4652ce78285aff59e849/Pillow-9.3.0-cp37-cp37m-win32.whl", hash = "sha256:82409ffe29d70fd733ff3c1025a602abb3e67405d41b9403b00b01debc4c9a29"},
    {url = "https://files.pythonhosted.org/packages/ac/0b/cb7ecd88cea2422818057db720966bbb56bbcec3b359f4a5cafdf737d9e5/Pillow-9.3.0-cp39-cp39-musllinux_1_1_x86_64.whl", hash = "sha256:9aaa107275d8527e9d6e7670b64aabaaa36e5b6bd71a1015ddd21da0d4e06448"},
    {url = "https://files.pythonhosted.org/packages/af/7f/c5f7a35fd7053a4aee79c41fc4b125281745577c6ce3445e57ed8b4eff56/Pillow-9.3.0-cp39-cp39-manylinux_2_17_aarch64.manylinux2014_aarch64.whl", hash = "sha256:2e0918e03aa0c72ea56edbb00d4d664294815aa11291a11504a377ea018330d3"},
    {url = "https://files.pythonhosted.org/packages/b7/34/7a88f5ec5f26ac68d3d7a158c67c0a610a4e6b6d22c35266d0e715485b09/Pillow-9.3.0-cp37-cp37m-manylinux_2_28_aarch64.whl", hash = "sha256:6c738585d7a9961d8c2821a1eb3dcb978d14e238be3d70f0a706f7fa9316946b"},
    {url = "https://files.pythonhosted.org/packages/b9/b8/3e2c23766019a9a03ee26ac6b7af9392aba8574806ce10e5074733987240/Pillow-9.3.0-cp39-cp39-macosx_11_0_arm64.whl", hash = "sha256:1c7c8ae3864846fc95f4611c78129301e203aaa2af813b703c55d10cc1628535"},
    {url = "https://files.pythonhosted.org/packages/bb/0e/83dd785dff8d62b4d663391ac62390ffadfcdfa4bd11959742f90d02127c/Pillow-9.3.0-cp39-cp39-win32.whl", hash = "sha256:bac18ab8d2d1e6b4ce25e3424f709aceef668347db8637c2296bcf41acb7cf48"},
    {url = "https://files.pythonhosted.org/packages/bc/28/0bcf18f0c22cd89626ee2e071edbe5736d54f9031fe986ae94389776864b/Pillow-9.3.0-cp310-cp310-win32.whl", hash = "sha256:655a83b0058ba47c7c52e4e2df5ecf484c1b0b0349805896dd350cbc416bdd91"},
    {url = "https://files.pythonhosted.org/packages/be/3e/a757fd2fdd5814aa0e9e1e838f79d33e0098e10a2e3afb7acdcb72278290/Pillow-9.3.0-cp38-cp38-manylinux_2_17_x86_64.manylinux2014_x86_64.whl", hash = "sha256:03150abd92771742d4a8cd6f2fa6246d847dcd2e332a18d0c15cc75bf6703040"},
    {url = "https://files.pythonhosted.org/packages/c0/47/4023dab2d77ea3f687939770b06e0c191b4a5a20590f158a6e8dbb03e357/Pillow-9.3.0-cp37-cp37m-manylinux_2_17_x86_64.manylinux2014_x86_64.whl", hash = "sha256:77ec3e7be99629898c9a6d24a09de089fa5356ee408cdffffe62d67bb75fdd72"},
    {url = "https://files.pythonhosted.org/packages/c0/8f/dfa473f3a6241bff91ae8bb905bd0afceb827f37de2917a94b5c4b1112bf/Pillow-9.3.0-cp39-cp39-win_amd64.whl", hash = "sha256:b472b5ea442148d1c3e2209f20f1e0bb0eb556538690fa70b5e1f79fa0ba8dc2"},
    {url = "https://files.pythonhosted.org/packages/c1/c3/be8222fce0553e05264bfe66f2cc73483567b961f144acef88753fba9c6c/Pillow-9.3.0-cp310-cp310-manylinux_2_17_x86_64.manylinux2014_x86_64.whl", hash = "sha256:5d77adcd56a42d00cc1be30843d3426aa4e660cab4a61021dc84467123f7a00c"},
    {url = "https://files.pythonhosted.org/packages/c2/1d/5d0fd887bb790a42a9efb7fe742358f1eae332ee3120a7d4f79ee37358c9/Pillow-9.3.0-cp311-cp311-macosx_10_10_x86_64.whl", hash = "sha256:57751894f6618fd4308ed8e0c36c333e2f5469744c34729a27532b3db106ee20"},
    {url = "https://files.pythonhosted.org/packages/c8/7c/f5fe5b37b6a8f2218db98f33d2278f2900e0fc4ef019cd4d9e522d6e3206/Pillow-9.3.0-pp38-pypy38_pp73-manylinux_2_17_x86_64.manylinux2014_x86_64.whl", hash = "sha256:ae5331c23ce118c53b172fa64a4c037eb83c9165aba3a7ba9ddd3ec9fa64a699"},
    {url = "https://files.pythonhosted.org/packages/c9/b8/27c526c45f482450a53c0faab6c0c4baf9cddee0a8f879a8526f7dd8adf0/Pillow-9.3.0-cp37-cp37m-manylinux_2_28_x86_64.whl", hash = "sha256:828989c45c245518065a110434246c44a56a8b2b2f6347d1409c787e6e4651ee"},
    {url = "https://files.pythonhosted.org/packages/ca/97/9677bf1d97c408779e5940b89675e38a8ebe8bcc9dbae8adfc9e7080a314/Pillow-9.3.0-cp39-cp39-macosx_10_10_x86_64.whl", hash = "sha256:73bd195e43f3fadecfc50c682f5055ec32ee2c933243cafbfdec69ab1aa87cad"},
    {url = "https://files.pythonhosted.org/packages/cf/22/fed65d07e5e7b19cc608754e940a9b101bebe78cb6cd9d764639717848a4/Pillow-9.3.0-pp37-pypy37_pp73-win_amd64.whl", hash = "sha256:ebf2029c1f464c59b8bdbe5143c79fa2045a581ac53679733d3a91d400ff9efb"},
    {url = "https://files.pythonhosted.org/packages/d0/ae/b5e8750a7e745926e2227a43766d905c8c6a0f03739c7aec5aea9e975355/Pillow-9.3.0-cp310-cp310-musllinux_1_1_x86_64.whl", hash = "sha256:871b72c3643e516db4ecf20efe735deb27fe30ca17800e661d769faab45a18d7"},
    {url = "https://files.pythonhosted.org/packages/d1/6f/b5e87428a5566563b6d661824c694bbc4b0386aed1c939b9aec47d9ee573/Pillow-9.3.0-cp311-cp311-manylinux_2_17_i686.manylinux2014_i686.whl", hash = "sha256:22b012ea2d065fd163ca096f4e37e47cd8b59cf4b0fd47bfca6abb93df70b34c"},
    {url = "https://files.pythonhosted.org/packages/d4/0d/e8f6ed8e2328007020bb242a0443d925f23ee06d059486c5f1308f2a5e26/Pillow-9.3.0-cp311-cp311-win_amd64.whl", hash = "sha256:18498994b29e1cf86d505edcb7edbe814d133d2232d256db8c7a8ceb34d18cef"},
    {url = "https://files.pythonhosted.org/packages/d5/31/b026f9f7c87adf8027f51f98f392f6558982485b7202af5f9276492b2141/Pillow-9.3.0-1-cp37-cp37m-win_amd64.whl", hash = "sha256:32a44128c4bdca7f31de5be641187367fe2a450ad83b833ef78910397db491aa"},
    {url = "https://files.pythonhosted.org/packages/d5/79/191ea841f818aba4eb9783b9f91a3c16c51deff7326f5a2f47de54959a28/Pillow-9.3.0-pp37-pypy37_pp73-manylinux_2_17_i686.manylinux2014_i686.whl", hash = "sha256:dbb8e7f2abee51cef77673be97760abff1674ed32847ce04b4af90f610144c7b"},
    {url = "https://files.pythonhosted.org/packages/d6/be/996d629efd03aa305472a17183fcdfe2dd8529acea767d0ba2242d90cbfa/Pillow-9.3.0-cp310-cp310-manylinux_2_28_x86_64.whl", hash = "sha256:801ec82e4188e935c7f5e22e006d01611d6b41661bba9fe45b60e7ac1a8f84de"},
    {url = "https://files.pythonhosted.org/packages/db/b0/6438c96e80d4cad5b6381ba774018de9d8eae591d65bdfd80e3ad630928a/Pillow-9.3.0-cp39-cp39-manylinux_2_28_x86_64.whl", hash = "sha256:97aabc5c50312afa5e0a2b07c17d4ac5e865b250986f8afe2b02d772567a380c"},
    {url = "https://files.pythonhosted.org/packages/dc/20/30e5ea4ecb35b36d9bc4ff4e8edc048e017a8e3d2e087a512b0622bfdde3/Pillow-9.3.0-cp311-cp311-win32.whl", hash = "sha256:3168434d303babf495d4ba58fc22d6604f6e2afb97adc6a423e917dab828939c"},
    {url = "https://files.pythonhosted.org/packages/e0/59/74d88751801101259abd695f77c44b97a828b6a4e7981a79a75d2c3379ae/Pillow-9.3.0-cp311-cp311-manylinux_2_28_aarch64.whl", hash = "sha256:502526a2cbfa431d9fc2a079bdd9061a2397b842bb6bc4239bb176da00993812"},
    {url = "https://files.pythonhosted.org/packages/ec/4f/bc65f543b4d774d6c888cb0936a8b91cf7c5fbb25e16f923e332822b279b/Pillow-9.3.0-cp37-cp37m-manylinux_2_17_i686.manylinux2014_i686.whl", hash = "sha256:b4012d06c846dc2b80651b120e2cdd787b013deb39c09f407727ba90015c684f"},
    {url = "https://files.pythonhosted.org/packages/f1/e4/2f7e4efeb79ab0a2c5ecba320b2e5a3aad7a49cc543407f4c1268ed804bb/Pillow-9.3.0-pp38-pypy38_pp73-manylinux_2_28_x86_64.whl", hash = "sha256:0b07fffc13f474264c336298d1b4ce01d9c5a011415b79d4ee5527bb69ae6f65"},
    {url = "https://files.pythonhosted.org/packages/f7/11/763c3992c3e6d00e9f6de81b0d721306757bb7201155d135a16032460943/Pillow-9.3.0-cp39-cp39-manylinux_2_28_aarch64.whl", hash = "sha256:ad58d27a5b0262c0c19b47d54c5802db9b34d38bbf886665b626aff83c74bacd"},
    {url = "https://files.pythonhosted.org/packages/fc/12/32101461796addca02fd14dc4d2b76068a2cbf895002ed668550caf3fcc1/Pillow-9.3.0-cp310-cp310-manylinux_2_17_i686.manylinux2014_i686.whl", hash = "sha256:be55f8457cd1eac957af0c3f5ece7bc3f033f89b114ef30f710882717670b2a8"},
]
"pycodestyle 2.10.0" = [
    {url = "https://files.pythonhosted.org/packages/06/6b/5ca0d12ef7dcf7d20dfa35287d02297f3e0f9e515da5183654c03a9636ce/pycodestyle-2.10.0.tar.gz", hash = "sha256:347187bdb476329d98f695c213d7295a846d1152ff4fe9bacb8a9590b8ee7053"},
    {url = "https://files.pythonhosted.org/packages/a2/54/001fdc0d69e8d0bb86c3423a6fa6dfada8cc26317c2635ab543e9ac411bd/pycodestyle-2.10.0-py2.py3-none-any.whl", hash = "sha256:8a4eaf0d0495c7395bdab3589ac2db602797d76207242c17d470186815706610"},
]
"pygments 2.13.0" = [
    {url = "https://files.pythonhosted.org/packages/4f/82/672cd382e5b39ab1cd422a672382f08a1fb3d08d9e0c0f3707f33a52063b/Pygments-2.13.0-py3-none-any.whl", hash = "sha256:f643f331ab57ba3c9d89212ee4a2dabc6e94f117cf4eefde99a0574720d14c42"},
    {url = "https://files.pythonhosted.org/packages/e0/ef/5905cd3642f2337d44143529c941cc3a02e5af16f0f65f81cbef7af452bb/Pygments-2.13.0.tar.gz", hash = "sha256:56a8508ae95f98e2b9bdf93a6be5ae3f7d8af858b43e02c5a2ff083726be40c1"},
]
"pypiwin32 223" = [
    {url = "https://files.pythonhosted.org/packages/13/e8/4f38eb30c4dae36634a53c5b2cd73b517ea3607e10d00f61f2494449cec0/pypiwin32-223.tar.gz", hash = "sha256:71be40c1fbd28594214ecaecb58e7aa8b708eabfa0125c8a109ebd51edbd776a"},
    {url = "https://files.pythonhosted.org/packages/d0/1b/2f292bbd742e369a100c91faa0483172cd91a1a422a6692055ac920946c5/pypiwin32-223-py3-none-any.whl", hash = "sha256:67adf399debc1d5d14dffc1ab5acacb800da569754fafdc576b2a039485aa775"},
]
"pywin32 305" = [
    {url = "https://files.pythonhosted.org/packages/02/80/23fdb88f8a398dff615f10100cf54871fd8518e3eeea72c1a7d46af01bf9/pywin32-305-cp310-cp310-win_amd64.whl", hash = "sha256:73e819c6bed89f44ff1d690498c0a811948f73777e5f97c494c152b850fad478"},
    {url = "https://files.pythonhosted.org/packages/05/19/e1f2d772c5437f37c7dbe88be56939de53f040674b6accf2c0369674873d/pywin32-305-cp310-cp310-win_arm64.whl", hash = "sha256:742eb905ce2187133a29365b428e6c3b9001d79accdc30aa8969afba1d8470f4"},
    {url = "https://files.pythonhosted.org/packages/1e/28/89edde08f43d3c795a7a950368cb3c811f10ae7cc9f1b862f468c3697e8a/pywin32-305-cp39-cp39-win32.whl", hash = "sha256:9d968c677ac4d5cbdaa62fd3014ab241718e619d8e36ef8e11fb930515a1e918"},
    {url = "https://files.pythonhosted.org/packages/22/da/344b3df042f42d9d775ae2030276b2992adab519c6d682393ddf356775f3/pywin32-305-cp311-cp311-win_amd64.whl", hash = "sha256:326f42ab4cfff56e77e3e595aeaf6c216712bbdd91e464d167c6434b28d65990"},
    {url = "https://files.pythonhosted.org/packages/29/a9/44913e2b953a63404f992daa7608f8263fe8ac608dd8c717de5be9d53600/pywin32-305-cp37-cp37m-win_amd64.whl", hash = "sha256:109f98980bfb27e78f4df8a51a8198e10b0f347257d1e265bb1a32993d0c973d"},
    {url = "https://files.pythonhosted.org/packages/2f/02/b7ffa4a3f6b7ddf8f08926fc9312856443ec446259d095ae80bbf5d06add/pywin32-305-cp39-cp39-win_amd64.whl", hash = "sha256:50768c6b7c3f0b38b7fb14dd4104da93ebced5f1a50dc0e834594bff6fbe1271"},
    {url = "https://files.pythonhosted.org/packages/4b/af/7c7d46af6bf74a92ecaf674fe9f587912bd74a95eddd9304b4e16b37aa8b/pywin32-305-cp36-cp36m-win_amd64.whl", hash = "sha256:13362cc5aa93c2beaf489c9c9017c793722aeb56d3e5166dadd5ef82da021fe1"},
    {url = "https://files.pythonhosted.org/packages/4b/e0/2b1513208a885267f5acef393eb6346062323751769630c071667c904dde/pywin32-305-cp37-cp37m-win32.whl", hash = "sha256:a55db448124d1c1484df22fa8bbcbc45c64da5e6eae74ab095b9ea62e6d00496"},
    {url = "https://files.pythonhosted.org/packages/5c/63/ff5e909e6718ccf1b7f5b359b12bed40136c9f5d58b749662a592f4e7aa2/pywin32-305-cp36-cp36m-win32.whl", hash = "sha256:48d8b1659284f3c17b68587af047d110d8c44837736b8932c034091683e05863"},
    {url = "https://files.pythonhosted.org/packages/65/e4/76dab43949fc3ba9aee8dc0635b299ad09df7813e81aa4adc88e27f463fe/pywin32-305-cp310-cp310-win32.whl", hash = "sha256:421f6cd86e84bbb696d54563c48014b12a23ef95a14e0bdba526be756d89f116"},
    {url = "https://files.pythonhosted.org/packages/66/e8/0078d6042bf5bce7e2518b32cf1a0c1399a64f91fc280bb1cfda69fcdb35/pywin32-305-cp311-cp311-win32.whl", hash = "sha256:19ca459cd2e66c0e2cc9a09d589f71d827f26d47fe4a9d09175f6aa0256b51c2"},
    {url = "https://files.pythonhosted.org/packages/6d/37/fb50f89e6f8a420f0f02adbb81cd85de6fd8a4d4c842b721b08bcd533987/pywin32-305-cp38-cp38-win_amd64.whl", hash = "sha256:56d7a9c6e1a6835f521788f53b5af7912090674bb84ef5611663ee1595860fc7"},
    {url = "https://files.pythonhosted.org/packages/a2/df/cb14fa23ef0782e62df7b33ea2b926150de3b1d71d2713f434582f8a0024/pywin32-305-cp311-cp311-win_arm64.whl", hash = "sha256:4ecd404b2c6eceaca52f8b2e3e91b2187850a1ad3f8b746d0796a98b4cea04db"},
    {url = "https://files.pythonhosted.org/packages/e3/c9/3ab2df149dc0e0b0ece0513e1650c7e7f26b61b05851853864aa95ff42b9/pywin32-305-cp38-cp38-win32.whl", hash = "sha256:9dd98384da775afa009bc04863426cb30596fd78c6f8e4e2e5bbf4edf8029504"},
]
"requests 2.28.1" = [
    {url = "https://files.pythonhosted.org/packages/a5/61/a867851fd5ab77277495a8709ddda0861b28163c4613b011bc00228cc724/requests-2.28.1.tar.gz", hash = "sha256:7c5599b102feddaa661c826c56ab4fee28bfd17f5abca1ebbe3e7f19d7c97983"},
    {url = "https://files.pythonhosted.org/packages/ca/91/6d9b8ccacd0412c08820f72cebaa4f0c0441b5cda699c90f618b6f8a1b42/requests-2.28.1-py3-none-any.whl", hash = "sha256:8fefa2a1a1365bf5520aac41836fbee479da67864514bdb821f31ce07ce65349"},
]
"tomli 2.0.1" = [
    {url = "https://files.pythonhosted.org/packages/97/75/10a9ebee3fd790d20926a90a2547f0bf78f371b2f13aa822c759680ca7b9/tomli-2.0.1-py3-none-any.whl", hash = "sha256:939de3e7a6161af0c887ef91b7d41a53e7c5a1ca976325f429cb46ea9bc30ecc"},
    {url = "https://files.pythonhosted.org/packages/c0/3f/d7af728f075fb08564c5949a9c95e44352e23dee646869fa104a3b2060a3/tomli-2.0.1.tar.gz", hash = "sha256:de526c12914f0c550d15924c62d72abc48d6fe7364aa87328337a31007fe8a4f"},
]
"urllib3 1.26.13" = [
    {url = "https://files.pythonhosted.org/packages/65/0c/cc6644eaa594585e5875f46f3c83ee8762b647b51fc5b0fb253a242df2dc/urllib3-1.26.13-py2.py3-none-any.whl", hash = "sha256:47cc05d99aaa09c9e72ed5809b60e7ba354e64b59c9c173ac3018642d8bb41fc"},
    {url = "https://files.pythonhosted.org/packages/c2/51/32da03cf19d17d46cce5c731967bf58de9bd71db3a379932f53b094deda4/urllib3-1.26.13.tar.gz", hash = "sha256:c083dd0dce68dbfbe1129d5271cb90f9447dea7d52097c6e0126120c521ddea8"},
]
